// !$*UTF8*$!
{
	archiveVersion = 1;
	classes = {
	};
	objectVersion = 51;
	objects = {

/* Begin PBXBuildFile section */
		078581F69117D57CC8A5A2B5 /* Pods_PUMPED.framework in Frameworks */ = {isa = PBXBuildFile; fileRef = CBF7E66938404023E02323CD /* Pods_PUMPED.framework */; };
		C109F2E724747DE4004255CB /* GoogleService-Info.plist in Resources */ = {isa = PBXBuildFile; fileRef = C109F2E624747DE4004255CB /* GoogleService-Info.plist */; };
		C109F2EE2474810C004255CB /* Main.storyboard in Resources */ = {isa = PBXBuildFile; fileRef = C109F2ED2474810C004255CB /* Main.storyboard */; };
		C16452CF2474C6830001F0F2 /* LoginViewController.swift in Sources */ = {isa = PBXBuildFile; fileRef = C16452CE2474C6830001F0F2 /* LoginViewController.swift */; };
		C16452D12474C6970001F0F2 /* SignUpViewController.swift in Sources */ = {isa = PBXBuildFile; fileRef = C16452D02474C6970001F0F2 /* SignUpViewController.swift */; };
		C1AFC90C2471B558000C5078 /* AppDelegate.swift in Sources */ = {isa = PBXBuildFile; fileRef = C1AFC90B2471B558000C5078 /* AppDelegate.swift */; };
		C1AFC90E2471B558000C5078 /* SceneDelegate.swift in Sources */ = {isa = PBXBuildFile; fileRef = C1AFC90D2471B558000C5078 /* SceneDelegate.swift */; };
		C1AFC9152471B559000C5078 /* Assets.xcassets in Resources */ = {isa = PBXBuildFile; fileRef = C1AFC9142471B559000C5078 /* Assets.xcassets */; };
		C1AFC9182471B559000C5078 /* LaunchScreen.storyboard in Resources */ = {isa = PBXBuildFile; fileRef = C1AFC9162471B559000C5078 /* LaunchScreen.storyboard */; };
/* End PBXBuildFile section */

/* Begin PBXFileReference section */
		4E9D2DEE29CC024114ED81B4 /* Pods-PUMPED.release.xcconfig */ = {isa = PBXFileReference; includeInIndex = 1; lastKnownFileType = text.xcconfig; name = "Pods-PUMPED.release.xcconfig"; path = "Target Support Files/Pods-PUMPED/Pods-PUMPED.release.xcconfig"; sourceTree = "<group>"; };
		C109F2E624747DE4004255CB /* GoogleService-Info.plist */ = {isa = PBXFileReference; fileEncoding = 4; lastKnownFileType = text.plist.xml; path = "GoogleService-Info.plist"; sourceTree = "<group>"; };
		C109F2ED2474810C004255CB /* Main.storyboard */ = {isa = PBXFileReference; lastKnownFileType = file.storyboard; path = Main.storyboard; sourceTree = "<group>"; };
		C16452CE2474C6830001F0F2 /* LoginViewController.swift */ = {isa = PBXFileReference; lastKnownFileType = sourcecode.swift; path = LoginViewController.swift; sourceTree = "<group>"; };
		C16452D02474C6970001F0F2 /* SignUpViewController.swift */ = {isa = PBXFileReference; lastKnownFileType = sourcecode.swift; path = SignUpViewController.swift; sourceTree = "<group>"; };
		C1AFC9082471B558000C5078 /* PUMPED.app */ = {isa = PBXFileReference; explicitFileType = wrapper.application; includeInIndex = 0; path = PUMPED.app; sourceTree = BUILT_PRODUCTS_DIR; };
		C1AFC90B2471B558000C5078 /* AppDelegate.swift */ = {isa = PBXFileReference; lastKnownFileType = sourcecode.swift; path = AppDelegate.swift; sourceTree = "<group>"; };
		C1AFC90D2471B558000C5078 /* SceneDelegate.swift */ = {isa = PBXFileReference; lastKnownFileType = sourcecode.swift; path = SceneDelegate.swift; sourceTree = "<group>"; };
		C1AFC9142471B559000C5078 /* Assets.xcassets */ = {isa = PBXFileReference; lastKnownFileType = folder.assetcatalog; path = Assets.xcassets; sourceTree = "<group>"; };
		C1AFC9172471B559000C5078 /* Base */ = {isa = PBXFileReference; lastKnownFileType = file.storyboard; name = Base; path = Base.lproj/LaunchScreen.storyboard; sourceTree = "<group>"; };
		C1AFC9192471B559000C5078 /* Info.plist */ = {isa = PBXFileReference; lastKnownFileType = text.plist.xml; path = Info.plist; sourceTree = "<group>"; };
		CBF7E66938404023E02323CD /* Pods_PUMPED.framework */ = {isa = PBXFileReference; explicitFileType = wrapper.framework; includeInIndex = 0; path = Pods_PUMPED.framework; sourceTree = BUILT_PRODUCTS_DIR; };
		D5AE9502795CCDC48E50DDB6 /* Pods-PUMPED.debug.xcconfig */ = {isa = PBXFileReference; includeInIndex = 1; lastKnownFileType = text.xcconfig; name = "Pods-PUMPED.debug.xcconfig"; path = "Target Support Files/Pods-PUMPED/Pods-PUMPED.debug.xcconfig"; sourceTree = "<group>"; };
/* End PBXFileReference section */

/* Begin PBXFrameworksBuildPhase section */
		C1AFC9052471B558000C5078 /* Frameworks */ = {
			isa = PBXFrameworksBuildPhase;
			buildActionMask = 2147483647;
			files = (
				078581F69117D57CC8A5A2B5 /* Pods_PUMPED.framework in Frameworks */,
			);
			runOnlyForDeploymentPostprocessing = 0;
		};
/* End PBXFrameworksBuildPhase section */

/* Begin PBXGroup section */
		8A6986A73FFFFC4BE0166965 /* Pods */ = {
			isa = PBXGroup;
			children = (
				D5AE9502795CCDC48E50DDB6 /* Pods-PUMPED.debug.xcconfig */,
				4E9D2DEE29CC024114ED81B4 /* Pods-PUMPED.release.xcconfig */,
			);
			path = Pods;
			sourceTree = "<group>";
		};
		98E7754BB7C313D69D83E6B7 /* Frameworks */ = {
			isa = PBXGroup;
			children = (
				CBF7E66938404023E02323CD /* Pods_PUMPED.framework */,
			);
			name = Frameworks;
			sourceTree = "<group>";
		};
		C1AFC8FF2471B558000C5078 = {
			isa = PBXGroup;
			children = (
				C1AFC90A2471B558000C5078 /* PUMPED */,
				C1AFC9092471B558000C5078 /* Products */,
				8A6986A73FFFFC4BE0166965 /* Pods */,
				98E7754BB7C313D69D83E6B7 /* Frameworks */,
			);
			sourceTree = "<group>";
		};
		C1AFC9092471B558000C5078 /* Products */ = {
			isa = PBXGroup;
			children = (
				C1AFC9082471B558000C5078 /* PUMPED.app */,
			);
			name = Products;
			sourceTree = "<group>";
		};
		C1AFC90A2471B558000C5078 /* PUMPED */ = {
			isa = PBXGroup;
			children = (
				C1AFC90B2471B558000C5078 /* AppDelegate.swift */,
				C1AFC90D2471B558000C5078 /* SceneDelegate.swift */,
				C16452D02474C6970001F0F2 /* SignUpViewController.swift */,
				C16452CE2474C6830001F0F2 /* LoginViewController.swift */,
				C109F2ED2474810C004255CB /* Main.storyboard */,
				C1AFC9142471B559000C5078 /* Assets.xcassets */,
				C1AFC9162471B559000C5078 /* LaunchScreen.storyboard */,
				C109F2E624747DE4004255CB /* GoogleService-Info.plist */,
				C1AFC9192471B559000C5078 /* Info.plist */,
			);
			path = PUMPED;
			sourceTree = "<group>";
		};
/* End PBXGroup section */

/* Begin PBXNativeTarget section */
		C1AFC9072471B558000C5078 /* PUMPED */ = {
			isa = PBXNativeTarget;
			buildConfigurationList = C1AFC91C2471B559000C5078 /* Build configuration list for PBXNativeTarget "PUMPED" */;
			buildPhases = (
				B973D1E11007D2BFD3AD14D5 /* [CP] Check Pods Manifest.lock */,
				C1AFC9042471B558000C5078 /* Sources */,
				C1AFC9052471B558000C5078 /* Frameworks */,
				C1AFC9062471B558000C5078 /* Resources */,
				B7E6BFDDF8C95D862EDF2647 /* [CP] Embed Pods Frameworks */,
			);
			buildRules = (
			);
			dependencies = (
			);
			name = PUMPED;
			productName = PUMPED;
			productReference = C1AFC9082471B558000C5078 /* PUMPED.app */;
			productType = "com.apple.product-type.application";
		};
/* End PBXNativeTarget section */

/* Begin PBXProject section */
		C1AFC9002471B558000C5078 /* Project object */ = {
			isa = PBXProject;
			attributes = {
				LastSwiftUpdateCheck = 1140;
				LastUpgradeCheck = 1140;
				ORGANIZATIONNAME = "Johnathan Nguyen";
				TargetAttributes = {
					C1AFC9072471B558000C5078 = {
						CreatedOnToolsVersion = 11.4.1;
					};
				};
			};
			buildConfigurationList = C1AFC9032471B558000C5078 /* Build configuration list for PBXProject "PUMPED" */;
			compatibilityVersion = "Xcode 9.3";
			developmentRegion = en;
			hasScannedForEncodings = 0;
			knownRegions = (
				en,
				Base,
			);
			mainGroup = C1AFC8FF2471B558000C5078;
			productRefGroup = C1AFC9092471B558000C5078 /* Products */;
			projectDirPath = "";
			projectRoot = "";
			targets = (
				C1AFC9072471B558000C5078 /* PUMPED */,
			);
		};
/* End PBXProject section */

/* Begin PBXResourcesBuildPhase section */
		C1AFC9062471B558000C5078 /* Resources */ = {
			isa = PBXResourcesBuildPhase;
			buildActionMask = 2147483647;
			files = (
				C1AFC9182471B559000C5078 /* LaunchScreen.storyboard in Resources */,
				C109F2E724747DE4004255CB /* GoogleService-Info.plist in Resources */,
				C1AFC9152471B559000C5078 /* Assets.xcassets in Resources */,
				C109F2EE2474810C004255CB /* Main.storyboard in Resources */,
			);
			runOnlyForDeploymentPostprocessing = 0;
		};
/* End PBXResourcesBuildPhase section */

/* Begin PBXShellScriptBuildPhase section */
		B7E6BFDDF8C95D862EDF2647 /* [CP] Embed Pods Frameworks */ = {
			isa = PBXShellScriptBuildPhase;
			buildActionMask = 2147483647;
			files = (
			);
			inputFileListPaths = (
				"${PODS_ROOT}/Target Support Files/Pods-PUMPED/Pods-PUMPED-frameworks-${CONFIGURATION}-input-files.xcfilelist",
			);
			name = "[CP] Embed Pods Frameworks";
			outputFileListPaths = (
				"${PODS_ROOT}/Target Support Files/Pods-PUMPED/Pods-PUMPED-frameworks-${CONFIGURATION}-output-files.xcfilelist",
			);
			runOnlyForDeploymentPostprocessing = 0;
			shellPath = /bin/sh;
			shellScript = "\"${PODS_ROOT}/Target Support Files/Pods-PUMPED/Pods-PUMPED-frameworks.sh\"\n";
			showEnvVarsInLog = 0;
		};
		B973D1E11007D2BFD3AD14D5 /* [CP] Check Pods Manifest.lock */ = {
			isa = PBXShellScriptBuildPhase;
			buildActionMask = 2147483647;
			files = (
			);
			inputFileListPaths = (
			);
			inputPaths = (
				"${PODS_PODFILE_DIR_PATH}/Podfile.lock",
				"${PODS_ROOT}/Manifest.lock",
			);
			name = "[CP] Check Pods Manifest.lock";
			outputFileListPaths = (
			);
			outputPaths = (
				"$(DERIVED_FILE_DIR)/Pods-PUMPED-checkManifestLockResult.txt",
			);
			runOnlyForDeploymentPostprocessing = 0;
			shellPath = /bin/sh;
			shellScript = "diff \"${PODS_PODFILE_DIR_PATH}/Podfile.lock\" \"${PODS_ROOT}/Manifest.lock\" > /dev/null\nif [ $? != 0 ] ; then\n    # print error to STDERR\n    echo \"error: The sandbox is not in sync with the Podfile.lock. Run 'pod install' or update your CocoaPods installation.\" >&2\n    exit 1\nfi\n# This output is used by Xcode 'outputs' to avoid re-running this script phase.\necho \"SUCCESS\" > \"${SCRIPT_OUTPUT_FILE_0}\"\n";
			showEnvVarsInLog = 0;
		};
/* End PBXShellScriptBuildPhase section */

/* Begin PBXSourcesBuildPhase section */
		C1AFC9042471B558000C5078 /* Sources */ = {
			isa = PBXSourcesBuildPhase;
			buildActionMask = 2147483647;
			files = (
				C16452CF2474C6830001F0F2 /* LoginViewController.swift in Sources */,
				C1AFC90C2471B558000C5078 /* AppDelegate.swift in Sources */,
				C1AFC90E2471B558000C5078 /* SceneDelegate.swift in Sources */,
				C16452D12474C6970001F0F2 /* SignUpViewController.swift in Sources */,
			);
			runOnlyForDeploymentPostprocessing = 0;
		};
/* End PBXSourcesBuildPhase section */

/* Begin PBXVariantGroup section */
		C1AFC9162471B559000C5078 /* LaunchScreen.storyboard */ = {
			isa = PBXVariantGroup;
			children = (
				C1AFC9172471B559000C5078 /* Base */,
			);
			name = LaunchScreen.storyboard;
			sourceTree = "<group>";
		};
/* End PBXVariantGroup section */

/* Begin XCBuildConfiguration section */
		C1AFC91A2471B559000C5078 /* Debug */ = {
			isa = XCBuildConfiguration;
			buildSettings = {
				ALWAYS_SEARCH_USER_PATHS = NO;
				CLANG_ANALYZER_NONNULL = YES;
				CLANG_ANALYZER_NUMBER_OBJECT_CONVERSION = YES_AGGRESSIVE;
				CLANG_CXX_LANGUAGE_STANDARD = "gnu++14";
				CLANG_CXX_LIBRARY = "libc++";
				CLANG_ENABLE_MODULES = YES;
				CLANG_ENABLE_OBJC_ARC = YES;
				CLANG_ENABLE_OBJC_WEAK = YES;
				CLANG_WARN_BLOCK_CAPTURE_AUTORELEASING = YES;
				CLANG_WARN_BOOL_CONVERSION = YES;
				CLANG_WARN_COMMA = YES;
				CLANG_WARN_CONSTANT_CONVERSION = YES;
				CLANG_WARN_DEPRECATED_OBJC_IMPLEMENTATIONS = YES;
				CLANG_WARN_DIRECT_OBJC_ISA_USAGE = YES_ERROR;
				CLANG_WARN_DOCUMENTATION_COMMENTS = YES;
				CLANG_WARN_EMPTY_BODY = YES;
				CLANG_WARN_ENUM_CONVERSION = YES;
				CLANG_WARN_INFINITE_RECURSION = YES;
				CLANG_WARN_INT_CONVERSION = YES;
				CLANG_WARN_NON_LITERAL_NULL_CONVERSION = YES;
				CLANG_WARN_OBJC_IMPLICIT_RETAIN_SELF = YES;
				CLANG_WARN_OBJC_LITERAL_CONVERSION = YES;
				CLANG_WARN_OBJC_ROOT_CLASS = YES_ERROR;
				CLANG_WARN_RANGE_LOOP_ANALYSIS = YES;
				CLANG_WARN_STRICT_PROTOTYPES = YES;
				CLANG_WARN_SUSPICIOUS_MOVE = YES;
				CLANG_WARN_UNGUARDED_AVAILABILITY = YES_AGGRESSIVE;
				CLANG_WARN_UNREACHABLE_CODE = YES;
				CLANG_WARN__DUPLICATE_METHOD_MATCH = YES;
				COPY_PHASE_STRIP = NO;
				DEBUG_INFORMATION_FORMAT = dwarf;
				ENABLE_STRICT_OBJC_MSGSEND = YES;
				ENABLE_TESTABILITY = YES;
				GCC_C_LANGUAGE_STANDARD = gnu11;
				GCC_DYNAMIC_NO_PIC = NO;
				GCC_NO_COMMON_BLOCKS = YES;
				GCC_OPTIMIZATION_LEVEL = 0;
				GCC_PREPROCESSOR_DEFINITIONS = (
					"DEBUG=1",
					"$(inherited)",
				);
				GCC_WARN_64_TO_32_BIT_CONVERSION = YES;
				GCC_WARN_ABOUT_RETURN_TYPE = YES_ERROR;
				GCC_WARN_UNDECLARED_SELECTOR = YES;
				GCC_WARN_UNINITIALIZED_AUTOS = YES_AGGRESSIVE;
				GCC_WARN_UNUSED_FUNCTION = YES;
				GCC_WARN_UNUSED_VARIABLE = YES;
				IPHONEOS_DEPLOYMENT_TARGET = 13.4;
				MTL_ENABLE_DEBUG_INFO = INCLUDE_SOURCE;
				MTL_FAST_MATH = YES;
				ONLY_ACTIVE_ARCH = YES;
				SDKROOT = iphoneos;
				SWIFT_ACTIVE_COMPILATION_CONDITIONS = DEBUG;
				SWIFT_OPTIMIZATION_LEVEL = "-Onone";
			};
			name = Debug;
		};
		C1AFC91B2471B559000C5078 /* Release */ = {
			isa = XCBuildConfiguration;
			buildSettings = {
				ALWAYS_SEARCH_USER_PATHS = NO;
				CLANG_ANALYZER_NONNULL = YES;
				CLANG_ANALYZER_NUMBER_OBJECT_CONVERSION = YES_AGGRESSIVE;
				CLANG_CXX_LANGUAGE_STANDARD = "gnu++14";
				CLANG_CXX_LIBRARY = "libc++";
				CLANG_ENABLE_MODULES = YES;
				CLANG_ENABLE_OBJC_ARC = YES;
				CLANG_ENABLE_OBJC_WEAK = YES;
				CLANG_WARN_BLOCK_CAPTURE_AUTORELEASING = YES;
				CLANG_WARN_BOOL_CONVERSION = YES;
				CLANG_WARN_COMMA = YES;
				CLANG_WARN_CONSTANT_CONVERSION = YES;
				CLANG_WARN_DEPRECATED_OBJC_IMPLEMENTATIONS = YES;
				CLANG_WARN_DIRECT_OBJC_ISA_USAGE = YES_ERROR;
				CLANG_WARN_DOCUMENTATION_COMMENTS = YES;
				CLANG_WARN_EMPTY_BODY = YES;
				CLANG_WARN_ENUM_CONVERSION = YES;
				CLANG_WARN_INFINITE_RECURSION = YES;
				CLANG_WARN_INT_CONVERSION = YES;
				CLANG_WARN_NON_LITERAL_NULL_CONVERSION = YES;
				CLANG_WARN_OBJC_IMPLICIT_RETAIN_SELF = YES;
				CLANG_WARN_OBJC_LITERAL_CONVERSION = YES;
				CLANG_WARN_OBJC_ROOT_CLASS = YES_ERROR;
				CLANG_WARN_RANGE_LOOP_ANALYSIS = YES;
				CLANG_WARN_STRICT_PROTOTYPES = YES;
				CLANG_WARN_SUSPICIOUS_MOVE = YES;
				CLANG_WARN_UNGUARDED_AVAILABILITY = YES_AGGRESSIVE;
				CLANG_WARN_UNREACHABLE_CODE = YES;
				CLANG_WARN__DUPLICATE_METHOD_MATCH = YES;
				COPY_PHASE_STRIP = NO;
				DEBUG_INFORMATION_FORMAT = "dwarf-with-dsym";
				ENABLE_NS_ASSERTIONS = NO;
				ENABLE_STRICT_OBJC_MSGSEND = YES;
				GCC_C_LANGUAGE_STANDARD = gnu11;
				GCC_NO_COMMON_BLOCKS = YES;
				GCC_WARN_64_TO_32_BIT_CONVERSION = YES;
				GCC_WARN_ABOUT_RETURN_TYPE = YES_ERROR;
				GCC_WARN_UNDECLARED_SELECTOR = YES;
				GCC_WARN_UNINITIALIZED_AUTOS = YES_AGGRESSIVE;
				GCC_WARN_UNUSED_FUNCTION = YES;
				GCC_WARN_UNUSED_VARIABLE = YES;
				IPHONEOS_DEPLOYMENT_TARGET = 13.4;
				MTL_ENABLE_DEBUG_INFO = NO;
				MTL_FAST_MATH = YES;
				SDKROOT = iphoneos;
				SWIFT_COMPILATION_MODE = wholemodule;
				SWIFT_OPTIMIZATION_LEVEL = "-O";
				VALIDATE_PRODUCT = YES;
			};
			name = Release;
		};
		C1AFC91D2471B559000C5078 /* Debug */ = {
			isa = XCBuildConfiguration;
			baseConfigurationReference = D5AE9502795CCDC48E50DDB6 /* Pods-PUMPED.debug.xcconfig */;
			buildSettings = {
				ASSETCATALOG_COMPILER_APPICON_NAME = AppIcon;
				CODE_SIGN_STYLE = Automatic;
				DEVELOPMENT_TEAM = 4UWF5XZ9RN;
				INFOPLIST_FILE = PUMPED/Info.plist;
				LD_RUNPATH_SEARCH_PATHS = (
					"$(inherited)",
					"@executable_path/Frameworks",
				);
				PRODUCT_BUNDLE_IDENTIFIER = com.JohnathanNguyen.PUMPED;
				PRODUCT_NAME = "$(TARGET_NAME)";
				SWIFT_VERSION = 5.0;
				TARGETED_DEVICE_FAMILY = "1,2";
			};
			name = Debug;
		};
		C1AFC91E2471B559000C5078 /* Release */ = {
			isa = XCBuildConfiguration;
			baseConfigurationReference = 4E9D2DEE29CC024114ED81B4 /* Pods-PUMPED.release.xcconfig */;
			buildSettings = {
				ASSETCATALOG_COMPILER_APPICON_NAME = AppIcon;
				CODE_SIGN_STYLE = Automatic;
				DEVELOPMENT_TEAM = 4UWF5XZ9RN;
				INFOPLIST_FILE = PUMPED/Info.plist;
				LD_RUNPATH_SEARCH_PATHS = (
					"$(inherited)",
					"@executable_path/Frameworks",
				);
				PRODUCT_BUNDLE_IDENTIFIER = com.JohnathanNguyen.PUMPED;
				PRODUCT_NAME = "$(TARGET_NAME)";
				SWIFT_VERSION = 5.0;
				TARGETED_DEVICE_FAMILY = "1,2";
			};
			name = Release;
		};
/* End XCBuildConfiguration section */

/* Begin XCConfigurationList section */
		C1AFC9032471B558000C5078 /* Build configuration list for PBXProject "PUMPED" */ = {
			isa = XCConfigurationList;
			buildConfigurations = (
				C1AFC91A2471B559000C5078 /* Debug */,
				C1AFC91B2471B559000C5078 /* Release */,
			);
			defaultConfigurationIsVisible = 0;
			defaultConfigurationName = Release;
		};
		C1AFC91C2471B559000C5078 /* Build configuration list for PBXNativeTarget "PUMPED" */ = {
			isa = XCConfigurationList;
			buildConfigurations = (
				C1AFC91D2471B559000C5078 /* Debug */,
				C1AFC91E2471B559000C5078 /* Release */,
			);
			defaultConfigurationIsVisible = 0;
			defaultConfigurationName = Release;
		};
/* End XCConfigurationList section */
	};
	rootObject = C1AFC9002471B558000C5078 /* Project object */;
}
